
Microsoft Visual Studio Solution File, Format Version 12.00
# Visual Studio 15
VisualStudioVersion = 15.0.33801.198
MinimumVisualStudioVersion = 10.0.40219.1
Project("{FAE04EC0-301F-11D3-BF4B-00C04F79EFBC}") = "ProjectKasper", "ProjectKasper\ProjectKasper.csproj", "{51320FEF-DD1E-4FC1-AAB2-F99A038BFFF1}"
EndProject
Global
	GlobalSection(SolutionConfigurationPlatforms) = preSolution
		Debug|Any CPU = Debug|Any CPU
		Release|Any CPU = Release|Any CPU
	EndGlobalSection
	GlobalSection(ProjectConfigurationPlatforms) = postSolution
		{51320FEF-DD1E-4FC1-AAB2-F99A038BFFF1}.Debug|Any CPU.ActiveCfg = Debug|Any CPU
		{51320FEF-DD1E-4FC1-AAB2-F99A038BFFF1}.Debug|Any CPU.Build.0 = Debug|Any CPU
		{51320FEF-DD1E-4FC1-AAB2-F99A038BFFF1}.Release|Any CPU.ActiveCfg = Release|Any CPU
		{51320FEF-DD1E-4FC1-AAB2-F99A038BFFF1}.Release|Any CPU.Build.0 = Release|Any CPU
	EndGlobalSection
	GlobalSection(SolutionProperties) = preSolution
		HideSolutionNode = FALSE
	EndGlobalSection
	GlobalSection(ExtensibilityGlobals) = postSolution
		SolutionGuid = {F73537BC-6626-4795-8391-2CCA92B933DE}
	EndGlobalSection
EndGlobal
