
Microsoft Visual Studio Solution File, Format Version 12.00
# Visual Studio Version 17
VisualStudioVersion = 17.11.35208.52
MinimumVisualStudioVersion = 10.0.40219.1
Project("{FAE04EC0-301F-11D3-BF4B-00C04F79EFBC}") = "ProjectStart", "ProjectStart\ProjectStart.csproj", "{AB112A11-C616-4E4C-AA41-E0B533DBEA57}"
EndProject
Global
	GlobalSection(SolutionConfigurationPlatforms) = preSolution
		Debug|Any CPU = Debug|Any CPU
		Release|Any CPU = Release|Any CPU
	EndGlobalSection
	GlobalSection(ProjectConfigurationPlatforms) = postSolution
		{AB112A11-C616-4E4C-AA41-E0B533DBEA57}.Debug|Any CPU.ActiveCfg = Debug|Any CPU
		{AB112A11-C616-4E4C-AA41-E0B533DBEA57}.Debug|Any CPU.Build.0 = Debug|Any CPU
		{AB112A11-C616-4E4C-AA41-E0B533DBEA57}.Release|Any CPU.ActiveCfg = Release|Any CPU
		{AB112A11-C616-4E4C-AA41-E0B533DBEA57}.Release|Any CPU.Build.0 = Release|Any CPU
	EndGlobalSection
	GlobalSection(SolutionProperties) = preSolution
		HideSolutionNode = FALSE
	EndGlobalSection
	GlobalSection(ExtensibilityGlobals) = postSolution
		SolutionGuid = {06889872-301D-478D-A5AB-760B7AB77657}
	EndGlobalSection
EndGlobal
